
Microsoft Visual Studio Solution File, Format Version 12.00
# Visual Studio Version 17
VisualStudioVersion = 17.0.32112.339
MinimumVisualStudioVersion = 10.0.40219.1
Project("{2150E333-8FDC-42A3-9474-1A3956D46DE8}") = "Services", "Services", "{209F5C9C-2363-4172-86D0-D98268EB82F2}"
EndProject
Project("{2150E333-8FDC-42A3-9474-1A3956D46DE8}") = "WebApps", "WebApps", "{246E5A1A-CB4C-4145-BE67-2D044D82C851}"
EndProject
Project("{2150E333-8FDC-42A3-9474-1A3956D46DE8}") = "Cadastros", "Cadastros", "{079E32DE-0B00-43C0-874D-8A65D21A5D68}"
EndProject
Project("{2150E333-8FDC-42A3-9474-1A3956D46DE8}") = "Catalogo", "Catalogo", "{D5203233-2008-4BC3-9DCC-ECFC9E348B3E}"
EndProject
Project("{2150E333-8FDC-42A3-9474-1A3956D46DE8}") = "Core", "Core", "{B9891CFD-D5A0-424C-9020-4A571E9967CC}"
EndProject
Project("{2150E333-8FDC-42A3-9474-1A3956D46DE8}") = "Fiscal", "Fiscal", "{B1363776-CC86-44EF-8AB0-8B4804EE884D}"
EndProject
Project("{2150E333-8FDC-42A3-9474-1A3956D46DE8}") = "Pagamentos", "Pagamentos", "{8D2C1958-5950-4725-8241-65A4524113D4}"
EndProject
Project("{2150E333-8FDC-42A3-9474-1A3956D46DE8}") = "Vendas", "Vendas", "{A94423F4-84A5-44E6-8666-3D71754F278C}"
EndProject
Project("{9A19103F-16F7-4668-BE54-9A1E7A4F7556}") = "PontoSysStore.Catalogo.Domain", "src\PontoSysStore.Catalogo.Domain\PontoSysStore.Catalogo.Domain.csproj", "{3E6BDB62-E68A-4A2E-85B4-0E697779CFF1}"
EndProject
Project("{9A19103F-16F7-4668-BE54-9A1E7A4F7556}") = "PontoSysStore.Core", "src\PontoSysStore.Core\PontoSysStore.Core.csproj", "{71B2144C-3271-4292-ABDC-B8FCE0294BAB}"
EndProject
Project("{2150E333-8FDC-42A3-9474-1A3956D46DE8}") = "Tests", "Tests", "{7282F0B6-1618-4782-AD18-8CC923907E5B}"
EndProject
Project("{FAE04EC0-301F-11D3-BF4B-00C04F79EFBC}") = "PontoSysStore.Catalogo.Domain.Tests", "tests\PontoSysStore.Catalogo.Domain.Tests\PontoSysStore.Catalogo.Domain.Tests.csproj", "{50D38A7F-BC9A-4E10-9374-DA448B91EDD2}"
EndProject
Project("{FAE04EC0-301F-11D3-BF4B-00C04F79EFBC}") = "PontoSysStore.Catalogo.Data", "src\PontoSysStore.Catalogo.Data\PontoSysStore.Catalogo.Data.csproj", "{AAD518A1-F15C-4FDB-A3A0-B560F847A7CD}"
EndProject
Project("{FAE04EC0-301F-11D3-BF4B-00C04F79EFBC}") = "PontoSysStore.Catalogo.Application", "src\PontoSysStore.Catalogo.Application\PontoSysStore.Catalogo.Application.csproj", "{E61FC3CA-070E-474E-92C9-982A4A696DDC}"
EndProject
Project("{FAE04EC0-301F-11D3-BF4B-00C04F79EFBC}") = "PontoSysStore.WebApp.Mvc", "PontoSysStore.WebApp.Mvc\PontoSysStore.WebApp.Mvc.csproj", "{A00FE99B-4FCF-4ADB-8DCC-9856C920F719}"
EndProject
Project("{FAE04EC0-301F-11D3-BF4B-00C04F79EFBC}") = "PontoSysStore.Vendas.Domain", "src\PontoSysStore.Vendas.Domain\PontoSysStore.Vendas.Domain.csproj", "{69578282-51F2-430E-926F-7540DC0EAF22}"
EndProject
Project("{FAE04EC0-301F-11D3-BF4B-00C04F79EFBC}") = "PontoSysStore.Vendas.Application", "src\PontoSysStore.Vendas.Application\PontoSysStore.Vendas.Application.csproj", "{ACBB06EC-F5A4-407F-BDCE-CF4A487B7F26}"
EndProject
Project("{FAE04EC0-301F-11D3-BF4B-00C04F79EFBC}") = "PontoSysStore.Vendas.Data", "src\PontoSysStore.Vendas.Data\PontoSysStore.Vendas.Data.csproj", "{08B288F0-E1D1-4645-8E0A-806EDEEB46DC}"
EndProject
Project("{FAE04EC0-301F-11D3-BF4B-00C04F79EFBC}") = "PontoSysStore.Pagamentos.AntiCorruption", "src\PontoSysStore.Pagamentos.AntiCorruption\PontoSysStore.Pagamentos.AntiCorruption.csproj", "{75647E73-DA54-46E0-8725-C0D49730E7F2}"
EndProject
Project("{FAE04EC0-301F-11D3-BF4B-00C04F79EFBC}") = "PontoSysStore.Pagamentos.Business", "src\PontoSysStore.Pagamentos.Business\PontoSysStore.Pagamentos.Business.csproj", "{E774615F-998F-4042-B59E-EC5BF394CE3C}"
EndProject
Project("{FAE04EC0-301F-11D3-BF4B-00C04F79EFBC}") = "PontoSysStore.Pagamentos.Data", "src\PontoSysStore.Pagamentos.Data\PontoSysStore.Pagamentos.Data.csproj", "{BE129CAD-DB54-4CB5-9214-4D0FD483606E}"
EndProject
Global
	GlobalSection(SolutionConfigurationPlatforms) = preSolution
		Debug|Any CPU = Debug|Any CPU
		Release|Any CPU = Release|Any CPU
	EndGlobalSection
	GlobalSection(ProjectConfigurationPlatforms) = postSolution
		{3E6BDB62-E68A-4A2E-85B4-0E697779CFF1}.Debug|Any CPU.ActiveCfg = Debug|Any CPU
		{3E6BDB62-E68A-4A2E-85B4-0E697779CFF1}.Debug|Any CPU.Build.0 = Debug|Any CPU
		{3E6BDB62-E68A-4A2E-85B4-0E697779CFF1}.Release|Any CPU.ActiveCfg = Release|Any CPU
		{3E6BDB62-E68A-4A2E-85B4-0E697779CFF1}.Release|Any CPU.Build.0 = Release|Any CPU
		{71B2144C-3271-4292-ABDC-B8FCE0294BAB}.Debug|Any CPU.ActiveCfg = Debug|Any CPU
		{71B2144C-3271-4292-ABDC-B8FCE0294BAB}.Debug|Any CPU.Build.0 = Debug|Any CPU
		{71B2144C-3271-4292-ABDC-B8FCE0294BAB}.Release|Any CPU.ActiveCfg = Release|Any CPU
		{71B2144C-3271-4292-ABDC-B8FCE0294BAB}.Release|Any CPU.Build.0 = Release|Any CPU
		{50D38A7F-BC9A-4E10-9374-DA448B91EDD2}.Debug|Any CPU.ActiveCfg = Debug|Any CPU
		{50D38A7F-BC9A-4E10-9374-DA448B91EDD2}.Debug|Any CPU.Build.0 = Debug|Any CPU
		{50D38A7F-BC9A-4E10-9374-DA448B91EDD2}.Release|Any CPU.ActiveCfg = Release|Any CPU
		{50D38A7F-BC9A-4E10-9374-DA448B91EDD2}.Release|Any CPU.Build.0 = Release|Any CPU
		{AAD518A1-F15C-4FDB-A3A0-B560F847A7CD}.Debug|Any CPU.ActiveCfg = Debug|Any CPU
		{AAD518A1-F15C-4FDB-A3A0-B560F847A7CD}.Debug|Any CPU.Build.0 = Debug|Any CPU
		{AAD518A1-F15C-4FDB-A3A0-B560F847A7CD}.Release|Any CPU.ActiveCfg = Release|Any CPU
		{AAD518A1-F15C-4FDB-A3A0-B560F847A7CD}.Release|Any CPU.Build.0 = Release|Any CPU
		{E61FC3CA-070E-474E-92C9-982A4A696DDC}.Debug|Any CPU.ActiveCfg = Debug|Any CPU
		{E61FC3CA-070E-474E-92C9-982A4A696DDC}.Debug|Any CPU.Build.0 = Debug|Any CPU
		{E61FC3CA-070E-474E-92C9-982A4A696DDC}.Release|Any CPU.ActiveCfg = Release|Any CPU
		{E61FC3CA-070E-474E-92C9-982A4A696DDC}.Release|Any CPU.Build.0 = Release|Any CPU
		{A00FE99B-4FCF-4ADB-8DCC-9856C920F719}.Debug|Any CPU.ActiveCfg = Debug|Any CPU
		{A00FE99B-4FCF-4ADB-8DCC-9856C920F719}.Debug|Any CPU.Build.0 = Debug|Any CPU
		{A00FE99B-4FCF-4ADB-8DCC-9856C920F719}.Release|Any CPU.ActiveCfg = Release|Any CPU
		{A00FE99B-4FCF-4ADB-8DCC-9856C920F719}.Release|Any CPU.Build.0 = Release|Any CPU
		{69578282-51F2-430E-926F-7540DC0EAF22}.Debug|Any CPU.ActiveCfg = Debug|Any CPU
		{69578282-51F2-430E-926F-7540DC0EAF22}.Debug|Any CPU.Build.0 = Debug|Any CPU
		{69578282-51F2-430E-926F-7540DC0EAF22}.Release|Any CPU.ActiveCfg = Release|Any CPU
		{69578282-51F2-430E-926F-7540DC0EAF22}.Release|Any CPU.Build.0 = Release|Any CPU
		{ACBB06EC-F5A4-407F-BDCE-CF4A487B7F26}.Debug|Any CPU.ActiveCfg = Debug|Any CPU
		{ACBB06EC-F5A4-407F-BDCE-CF4A487B7F26}.Debug|Any CPU.Build.0 = Debug|Any CPU
		{ACBB06EC-F5A4-407F-BDCE-CF4A487B7F26}.Release|Any CPU.ActiveCfg = Release|Any CPU
		{ACBB06EC-F5A4-407F-BDCE-CF4A487B7F26}.Release|Any CPU.Build.0 = Release|Any CPU
		{08B288F0-E1D1-4645-8E0A-806EDEEB46DC}.Debug|Any CPU.ActiveCfg = Debug|Any CPU
		{08B288F0-E1D1-4645-8E0A-806EDEEB46DC}.Debug|Any CPU.Build.0 = Debug|Any CPU
		{08B288F0-E1D1-4645-8E0A-806EDEEB46DC}.Release|Any CPU.ActiveCfg = Release|Any CPU
		{08B288F0-E1D1-4645-8E0A-806EDEEB46DC}.Release|Any CPU.Build.0 = Release|Any CPU
		{75647E73-DA54-46E0-8725-C0D49730E7F2}.Debug|Any CPU.ActiveCfg = Debug|Any CPU
		{75647E73-DA54-46E0-8725-C0D49730E7F2}.Debug|Any CPU.Build.0 = Debug|Any CPU
		{75647E73-DA54-46E0-8725-C0D49730E7F2}.Release|Any CPU.ActiveCfg = Release|Any CPU
		{75647E73-DA54-46E0-8725-C0D49730E7F2}.Release|Any CPU.Build.0 = Release|Any CPU
		{E774615F-998F-4042-B59E-EC5BF394CE3C}.Debug|Any CPU.ActiveCfg = Debug|Any CPU
		{E774615F-998F-4042-B59E-EC5BF394CE3C}.Debug|Any CPU.Build.0 = Debug|Any CPU
		{E774615F-998F-4042-B59E-EC5BF394CE3C}.Release|Any CPU.ActiveCfg = Release|Any CPU
		{E774615F-998F-4042-B59E-EC5BF394CE3C}.Release|Any CPU.Build.0 = Release|Any CPU
		{BE129CAD-DB54-4CB5-9214-4D0FD483606E}.Debug|Any CPU.ActiveCfg = Debug|Any CPU
		{BE129CAD-DB54-4CB5-9214-4D0FD483606E}.Debug|Any CPU.Build.0 = Debug|Any CPU
		{BE129CAD-DB54-4CB5-9214-4D0FD483606E}.Release|Any CPU.ActiveCfg = Release|Any CPU
		{BE129CAD-DB54-4CB5-9214-4D0FD483606E}.Release|Any CPU.Build.0 = Release|Any CPU
	EndGlobalSection
	GlobalSection(SolutionProperties) = preSolution
		HideSolutionNode = FALSE
	EndGlobalSection
	GlobalSection(NestedProjects) = preSolution
		{079E32DE-0B00-43C0-874D-8A65D21A5D68} = {209F5C9C-2363-4172-86D0-D98268EB82F2}
		{D5203233-2008-4BC3-9DCC-ECFC9E348B3E} = {209F5C9C-2363-4172-86D0-D98268EB82F2}
		{B9891CFD-D5A0-424C-9020-4A571E9967CC} = {209F5C9C-2363-4172-86D0-D98268EB82F2}
		{B1363776-CC86-44EF-8AB0-8B4804EE884D} = {209F5C9C-2363-4172-86D0-D98268EB82F2}
		{8D2C1958-5950-4725-8241-65A4524113D4} = {209F5C9C-2363-4172-86D0-D98268EB82F2}
		{A94423F4-84A5-44E6-8666-3D71754F278C} = {209F5C9C-2363-4172-86D0-D98268EB82F2}
		{3E6BDB62-E68A-4A2E-85B4-0E697779CFF1} = {D5203233-2008-4BC3-9DCC-ECFC9E348B3E}
		{71B2144C-3271-4292-ABDC-B8FCE0294BAB} = {B9891CFD-D5A0-424C-9020-4A571E9967CC}
		{7282F0B6-1618-4782-AD18-8CC923907E5B} = {D5203233-2008-4BC3-9DCC-ECFC9E348B3E}
		{50D38A7F-BC9A-4E10-9374-DA448B91EDD2} = {7282F0B6-1618-4782-AD18-8CC923907E5B}
		{AAD518A1-F15C-4FDB-A3A0-B560F847A7CD} = {D5203233-2008-4BC3-9DCC-ECFC9E348B3E}
		{E61FC3CA-070E-474E-92C9-982A4A696DDC} = {D5203233-2008-4BC3-9DCC-ECFC9E348B3E}
		{A00FE99B-4FCF-4ADB-8DCC-9856C920F719} = {246E5A1A-CB4C-4145-BE67-2D044D82C851}
		{69578282-51F2-430E-926F-7540DC0EAF22} = {A94423F4-84A5-44E6-8666-3D71754F278C}
		{ACBB06EC-F5A4-407F-BDCE-CF4A487B7F26} = {A94423F4-84A5-44E6-8666-3D71754F278C}
		{08B288F0-E1D1-4645-8E0A-806EDEEB46DC} = {A94423F4-84A5-44E6-8666-3D71754F278C}
		{75647E73-DA54-46E0-8725-C0D49730E7F2} = {8D2C1958-5950-4725-8241-65A4524113D4}
		{E774615F-998F-4042-B59E-EC5BF394CE3C} = {8D2C1958-5950-4725-8241-65A4524113D4}
		{BE129CAD-DB54-4CB5-9214-4D0FD483606E} = {8D2C1958-5950-4725-8241-65A4524113D4}
	EndGlobalSection
	GlobalSection(ExtensibilityGlobals) = postSolution
		SolutionGuid = {3155F680-4E12-47D9-87C6-06D9E8BE2D0B}
	EndGlobalSection
EndGlobal
